// !$*UTF8*$!
{
	archiveVersion = 1;
	classes = {
	};
	objectVersion = 50;
	objects = {

/* Begin PBXBuildFile section */
		F114AE9421A9FE2500942A28 /* AppDelegate.swift in Sources */ = {isa = PBXBuildFile; fileRef = F114AE9321A9FE2500942A28 /* AppDelegate.swift */; };
		F114AE9621A9FE2500942A28 /* ViewController.swift in Sources */ = {isa = PBXBuildFile; fileRef = F114AE9521A9FE2500942A28 /* ViewController.swift */; };
		F114AE9921A9FE2500942A28 /* Main.storyboard in Resources */ = {isa = PBXBuildFile; fileRef = F114AE9721A9FE2500942A28 /* Main.storyboard */; };
		F114AE9B21A9FE2A00942A28 /* Assets.xcassets in Resources */ = {isa = PBXBuildFile; fileRef = F114AE9A21A9FE2A00942A28 /* Assets.xcassets */; };
		F114AE9E21A9FE2A00942A28 /* LaunchScreen.storyboard in Resources */ = {isa = PBXBuildFile; fileRef = F114AE9C21A9FE2A00942A28 /* LaunchScreen.storyboard */; };
		F114AEAE21A9FE4A00942A28 /* ProgressIndicatorLib.h in Headers */ = {isa = PBXBuildFile; fileRef = F114AEAC21A9FE4A00942A28 /* ProgressIndicatorLib.h */; settings = {ATTRIBUTES = (Public, ); }; };
		F114AEB121A9FE4A00942A28 /* ProgressIndicatorLib.framework in Frameworks */ = {isa = PBXBuildFile; fileRef = F114AEAA21A9FE4A00942A28 /* ProgressIndicatorLib.framework */; };
		F114AEB221A9FE4A00942A28 /* ProgressIndicatorLib.framework in Embed Frameworks */ = {isa = PBXBuildFile; fileRef = F114AEAA21A9FE4A00942A28 /* ProgressIndicatorLib.framework */; settings = {ATTRIBUTES = (CodeSignOnCopy, RemoveHeadersOnCopy, ); }; };
		F114AEBD21A9FEFE00942A28 /* ProgressIndicator+Util.swift in Sources */ = {isa = PBXBuildFile; fileRef = F114AEB821A9FEFD00942A28 /* ProgressIndicator+Util.swift */; };
		F114AEBE21A9FEFE00942A28 /* ProgressIndicator.swift in Sources */ = {isa = PBXBuildFile; fileRef = F114AEB921A9FEFD00942A28 /* ProgressIndicator.swift */; };
		F114AEBF21A9FEFE00942A28 /* ProgressIndicator+Create.swift in Sources */ = {isa = PBXBuildFile; fileRef = F114AEBA21A9FEFD00942A28 /* ProgressIndicator+Create.swift */; };
		F114AEC021A9FEFE00942A28 /* ProgressIndicator+Animation.swift in Sources */ = {isa = PBXBuildFile; fileRef = F114AEBB21A9FEFE00942A28 /* ProgressIndicator+Animation.swift */; };
		F114AEC121A9FEFE00942A28 /* ProgressIndicator+Action.swift in Sources */ = {isa = PBXBuildFile; fileRef = F114AEBC21A9FEFE00942A28 /* ProgressIndicator+Action.swift */; };
		F114AEC421AA00DB00942A28 /* Chaplin.framework in Frameworks */ = {isa = PBXBuildFile; fileRef = F114AEC321AA00DB00942A28 /* Chaplin.framework */; };
/* End PBXBuildFile section */

/* Begin PBXContainerItemProxy section */
		F114AEAF21A9FE4A00942A28 /* PBXContainerItemProxy */ = {
			isa = PBXContainerItemProxy;
			containerPortal = F114AE8821A9FE2500942A28 /* Project object */;
			proxyType = 1;
			remoteGlobalIDString = F114AEA921A9FE4A00942A28;
			remoteInfo = ProgressIndicatorLib;
		};
/* End PBXContainerItemProxy section */

/* Begin PBXCopyFilesBuildPhase section */
		F114AEB621A9FE4A00942A28 /* Embed Frameworks */ = {
			isa = PBXCopyFilesBuildPhase;
			buildActionMask = 2147483647;
			dstPath = "";
			dstSubfolderSpec = 10;
			files = (
				F114AEB221A9FE4A00942A28 /* ProgressIndicatorLib.framework in Embed Frameworks */,
			);
			name = "Embed Frameworks";
			runOnlyForDeploymentPostprocessing = 0;
		};
/* End PBXCopyFilesBuildPhase section */

/* Begin PBXFileReference section */
		F114AE9021A9FE2500942A28 /* ProgressIndicator.app */ = {isa = PBXFileReference; explicitFileType = wrapper.application; includeInIndex = 0; path = ProgressIndicator.app; sourceTree = BUILT_PRODUCTS_DIR; };
		F114AE9321A9FE2500942A28 /* AppDelegate.swift */ = {isa = PBXFileReference; lastKnownFileType = sourcecode.swift; path = AppDelegate.swift; sourceTree = "<group>"; };
		F114AE9521A9FE2500942A28 /* ViewController.swift */ = {isa = PBXFileReference; lastKnownFileType = sourcecode.swift; path = ViewController.swift; sourceTree = "<group>"; };
		F114AE9821A9FE2500942A28 /* Base */ = {isa = PBXFileReference; lastKnownFileType = file.storyboard; name = Base; path = Base.lproj/Main.storyboard; sourceTree = "<group>"; };
		F114AE9A21A9FE2A00942A28 /* Assets.xcassets */ = {isa = PBXFileReference; lastKnownFileType = folder.assetcatalog; path = Assets.xcassets; sourceTree = "<group>"; };
		F114AE9D21A9FE2A00942A28 /* Base */ = {isa = PBXFileReference; lastKnownFileType = file.storyboard; name = Base; path = Base.lproj/LaunchScreen.storyboard; sourceTree = "<group>"; };
		F114AE9F21A9FE2A00942A28 /* Info.plist */ = {isa = PBXFileReference; lastKnownFileType = text.plist.xml; path = Info.plist; sourceTree = "<group>"; };
		F114AEAA21A9FE4A00942A28 /* ProgressIndicatorLib.framework */ = {isa = PBXFileReference; explicitFileType = wrapper.framework; includeInIndex = 0; path = ProgressIndicatorLib.framework; sourceTree = BUILT_PRODUCTS_DIR; };
		F114AEAC21A9FE4A00942A28 /* ProgressIndicatorLib.h */ = {isa = PBXFileReference; lastKnownFileType = sourcecode.c.h; path = ProgressIndicatorLib.h; sourceTree = "<group>"; };
		F114AEAD21A9FE4A00942A28 /* Info.plist */ = {isa = PBXFileReference; lastKnownFileType = text.plist.xml; path = Info.plist; sourceTree = "<group>"; };
		F114AEB821A9FEFD00942A28 /* ProgressIndicator+Util.swift */ = {isa = PBXFileReference; fileEncoding = 4; lastKnownFileType = sourcecode.swift; path = "ProgressIndicator+Util.swift"; sourceTree = "<group>"; };
		F114AEB921A9FEFD00942A28 /* ProgressIndicator.swift */ = {isa = PBXFileReference; fileEncoding = 4; lastKnownFileType = sourcecode.swift; path = ProgressIndicator.swift; sourceTree = "<group>"; };
		F114AEBA21A9FEFD00942A28 /* ProgressIndicator+Create.swift */ = {isa = PBXFileReference; fileEncoding = 4; lastKnownFileType = sourcecode.swift; path = "ProgressIndicator+Create.swift"; sourceTree = "<group>"; };
		F114AEBB21A9FEFE00942A28 /* ProgressIndicator+Animation.swift */ = {isa = PBXFileReference; fileEncoding = 4; lastKnownFileType = sourcecode.swift; path = "ProgressIndicator+Animation.swift"; sourceTree = "<group>"; };
		F114AEBC21A9FEFE00942A28 /* ProgressIndicator+Action.swift */ = {isa = PBXFileReference; fileEncoding = 4; lastKnownFileType = sourcecode.swift; path = "ProgressIndicator+Action.swift"; sourceTree = "<group>"; };
		F114AEC321AA00DB00942A28 /* Chaplin.framework */ = {isa = PBXFileReference; lastKnownFileType = wrapper.framework; name = Chaplin.framework; path = Carthage/Build/iOS/Chaplin.framework; sourceTree = "<group>"; };
/* End PBXFileReference section */

/* Begin PBXFrameworksBuildPhase section */
		F114AE8D21A9FE2500942A28 /* Frameworks */ = {
			isa = PBXFrameworksBuildPhase;
			buildActionMask = 2147483647;
			files = (
				F114AEB121A9FE4A00942A28 /* ProgressIndicatorLib.framework in Frameworks */,
			);
			runOnlyForDeploymentPostprocessing = 0;
		};
		F114AEA721A9FE4A00942A28 /* Frameworks */ = {
			isa = PBXFrameworksBuildPhase;
			buildActionMask = 2147483647;
			files = (
				F114AEC421AA00DB00942A28 /* Chaplin.framework in Frameworks */,
			);
			runOnlyForDeploymentPostprocessing = 0;
		};
/* End PBXFrameworksBuildPhase section */

/* Begin PBXGroup section */
		F114AE8721A9FE2500942A28 = {
			isa = PBXGroup;
			children = (
				F114AE9221A9FE2500942A28 /* ProgressIndicator */,
				F114AEAB21A9FE4A00942A28 /* ProgressIndicatorLib */,
				F114AE9121A9FE2500942A28 /* Products */,
				F114AEC221AA00DB00942A28 /* Frameworks */,
			);
			sourceTree = "<group>";
		};
		F114AE9121A9FE2500942A28 /* Products */ = {
			isa = PBXGroup;
			children = (
				F114AE9021A9FE2500942A28 /* ProgressIndicator.app */,
				F114AEAA21A9FE4A00942A28 /* ProgressIndicatorLib.framework */,
			);
			name = Products;
			sourceTree = "<group>";
		};
		F114AE9221A9FE2500942A28 /* ProgressIndicator */ = {
			isa = PBXGroup;
			children = (
				F114AE9321A9FE2500942A28 /* AppDelegate.swift */,
				F114AE9521A9FE2500942A28 /* ViewController.swift */,
				F114AE9721A9FE2500942A28 /* Main.storyboard */,
				F114AE9A21A9FE2A00942A28 /* Assets.xcassets */,
				F114AE9C21A9FE2A00942A28 /* LaunchScreen.storyboard */,
				F114AE9F21A9FE2A00942A28 /* Info.plist */,
			);
			path = ProgressIndicator;
			sourceTree = "<group>";
		};
		F114AEAB21A9FE4A00942A28 /* ProgressIndicatorLib */ = {
			isa = PBXGroup;
			children = (
				F114AEAC21A9FE4A00942A28 /* ProgressIndicatorLib.h */,
				F114AEB721A9FEB200942A28 /* src */,
				F114AEAD21A9FE4A00942A28 /* Info.plist */,
			);
			path = ProgressIndicatorLib;
			sourceTree = "<group>";
		};
		F114AEB721A9FEB200942A28 /* src */ = {
			isa = PBXGroup;
			children = (
				F114AEB921A9FEFD00942A28 /* ProgressIndicator.swift */,
				F114AEBC21A9FEFE00942A28 /* ProgressIndicator+Action.swift */,
				F114AEBB21A9FEFE00942A28 /* ProgressIndicator+Animation.swift */,
				F114AEBA21A9FEFD00942A28 /* ProgressIndicator+Create.swift */,
				F114AEB821A9FEFD00942A28 /* ProgressIndicator+Util.swift */,
			);
			path = src;
			sourceTree = "<group>";
		};
		F114AEC221AA00DB00942A28 /* Frameworks */ = {
			isa = PBXGroup;
			children = (
				F114AEC321AA00DB00942A28 /* Chaplin.framework */,
			);
			name = Frameworks;
			sourceTree = "<group>";
		};
/* End PBXGroup section */

/* Begin PBXHeadersBuildPhase section */
		F114AEA521A9FE4A00942A28 /* Headers */ = {
			isa = PBXHeadersBuildPhase;
			buildActionMask = 2147483647;
			files = (
				F114AEAE21A9FE4A00942A28 /* ProgressIndicatorLib.h in Headers */,
			);
			runOnlyForDeploymentPostprocessing = 0;
		};
/* End PBXHeadersBuildPhase section */

/* Begin PBXNativeTarget section */
		F114AE8F21A9FE2500942A28 /* ProgressIndicator */ = {
			isa = PBXNativeTarget;
			buildConfigurationList = F114AEA221A9FE2A00942A28 /* Build configuration list for PBXNativeTarget "ProgressIndicator" */;
			buildPhases = (
				F114AE8C21A9FE2500942A28 /* Sources */,
				F114AE8D21A9FE2500942A28 /* Frameworks */,
				F114AE8E21A9FE2500942A28 /* Resources */,
				F114AEB621A9FE4A00942A28 /* Embed Frameworks */,
			);
			buildRules = (
			);
			dependencies = (
				F114AEB021A9FE4A00942A28 /* PBXTargetDependency */,
			);
			name = ProgressIndicator;
			productName = ProgressIndicator;
			productReference = F114AE9021A9FE2500942A28 /* ProgressIndicator.app */;
			productType = "com.apple.product-type.application";
		};
		F114AEA921A9FE4A00942A28 /* ProgressIndicatorLib */ = {
			isa = PBXNativeTarget;
			buildConfigurationList = F114AEB321A9FE4A00942A28 /* Build configuration list for PBXNativeTarget "ProgressIndicatorLib" */;
			buildPhases = (
				F114AEA521A9FE4A00942A28 /* Headers */,
				F114AEA621A9FE4A00942A28 /* Sources */,
				F114AEA721A9FE4A00942A28 /* Frameworks */,
				F114AEA821A9FE4A00942A28 /* Resources */,
			);
			buildRules = (
			);
			dependencies = (
			);
			name = ProgressIndicatorLib;
			productName = ProgressIndicatorLib;
			productReference = F114AEAA21A9FE4A00942A28 /* ProgressIndicatorLib.framework */;
			productType = "com.apple.product-type.framework";
		};
/* End PBXNativeTarget section */

/* Begin PBXProject section */
		F114AE8821A9FE2500942A28 /* Project object */ = {
			isa = PBXProject;
			attributes = {
				LastSwiftUpdateCheck = 1000;
				LastUpgradeCheck = 1000;
				ORGANIZATIONNAME = FutureLab;
				TargetAttributes = {
					F114AE8F21A9FE2500942A28 = {
						CreatedOnToolsVersion = 10.0;
					};
					F114AEA921A9FE4A00942A28 = {
						CreatedOnToolsVersion = 10.0;
						LastSwiftMigration = 1000;
					};
				};
			};
			buildConfigurationList = F114AE8B21A9FE2500942A28 /* Build configuration list for PBXProject "ProgressIndicator" */;
			compatibilityVersion = "Xcode 9.3";
			developmentRegion = en;
			hasScannedForEncodings = 0;
			knownRegions = (
				en,
				Base,
			);
			mainGroup = F114AE8721A9FE2500942A28;
			productRefGroup = F114AE9121A9FE2500942A28 /* Products */;
			projectDirPath = "";
			projectRoot = "";
			targets = (
				F114AE8F21A9FE2500942A28 /* ProgressIndicator */,
				F114AEA921A9FE4A00942A28 /* ProgressIndicatorLib */,
			);
		};
/* End PBXProject section */

/* Begin PBXResourcesBuildPhase section */
		F114AE8E21A9FE2500942A28 /* Resources */ = {
			isa = PBXResourcesBuildPhase;
			buildActionMask = 2147483647;
			files = (
				F114AE9E21A9FE2A00942A28 /* LaunchScreen.storyboard in Resources */,
				F114AE9B21A9FE2A00942A28 /* Assets.xcassets in Resources */,
				F114AE9921A9FE2500942A28 /* Main.storyboard in Resources */,
			);
			runOnlyForDeploymentPostprocessing = 0;
		};
		F114AEA821A9FE4A00942A28 /* Resources */ = {
			isa = PBXResourcesBuildPhase;
			buildActionMask = 2147483647;
			files = (
			);
			runOnlyForDeploymentPostprocessing = 0;
		};
/* End PBXResourcesBuildPhase section */

/* Begin PBXSourcesBuildPhase section */
		F114AE8C21A9FE2500942A28 /* Sources */ = {
			isa = PBXSourcesBuildPhase;
			buildActionMask = 2147483647;
			files = (
				F114AE9621A9FE2500942A28 /* ViewController.swift in Sources */,
				F114AE9421A9FE2500942A28 /* AppDelegate.swift in Sources */,
			);
			runOnlyForDeploymentPostprocessing = 0;
		};
		F114AEA621A9FE4A00942A28 /* Sources */ = {
			isa = PBXSourcesBuildPhase;
			buildActionMask = 2147483647;
			files = (
				F114AEBE21A9FEFE00942A28 /* ProgressIndicator.swift in Sources */,
				F114AEBD21A9FEFE00942A28 /* ProgressIndicator+Util.swift in Sources */,
				F114AEC121A9FEFE00942A28 /* ProgressIndicator+Action.swift in Sources */,
				F114AEBF21A9FEFE00942A28 /* ProgressIndicator+Create.swift in Sources */,
				F114AEC021A9FEFE00942A28 /* ProgressIndicator+Animation.swift in Sources */,
			);
			runOnlyForDeploymentPostprocessing = 0;
		};
/* End PBXSourcesBuildPhase section */

/* Begin PBXTargetDependency section */
		F114AEB021A9FE4A00942A28 /* PBXTargetDependency */ = {
			isa = PBXTargetDependency;
			target = F114AEA921A9FE4A00942A28 /* ProgressIndicatorLib */;
			targetProxy = F114AEAF21A9FE4A00942A28 /* PBXContainerItemProxy */;
		};
/* End PBXTargetDependency section */

/* Begin PBXVariantGroup section */
		F114AE9721A9FE2500942A28 /* Main.storyboard */ = {
			isa = PBXVariantGroup;
			children = (
				F114AE9821A9FE2500942A28 /* Base */,
			);
			name = Main.storyboard;
			sourceTree = "<group>";
		};
		F114AE9C21A9FE2A00942A28 /* LaunchScreen.storyboard */ = {
			isa = PBXVariantGroup;
			children = (
				F114AE9D21A9FE2A00942A28 /* Base */,
			);
			name = LaunchScreen.storyboard;
			sourceTree = "<group>";
		};
/* End PBXVariantGroup section */

/* Begin XCBuildConfiguration section */
		F114AEA021A9FE2A00942A28 /* Debug */ = {
			isa = XCBuildConfiguration;
			buildSettings = {
				ALWAYS_SEARCH_USER_PATHS = NO;
				CLANG_ANALYZER_NONNULL = YES;
				CLANG_ANALYZER_NUMBER_OBJECT_CONVERSION = YES_AGGRESSIVE;
				CLANG_CXX_LANGUAGE_STANDARD = "gnu++14";
				CLANG_CXX_LIBRARY = "libc++";
				CLANG_ENABLE_MODULES = YES;
				CLANG_ENABLE_OBJC_ARC = YES;
				CLANG_ENABLE_OBJC_WEAK = YES;
				CLANG_WARN_BLOCK_CAPTURE_AUTORELEASING = YES;
				CLANG_WARN_BOOL_CONVERSION = YES;
				CLANG_WARN_COMMA = YES;
				CLANG_WARN_CONSTANT_CONVERSION = YES;
				CLANG_WARN_DEPRECATED_OBJC_IMPLEMENTATIONS = YES;
				CLANG_WARN_DIRECT_OBJC_ISA_USAGE = YES_ERROR;
				CLANG_WARN_DOCUMENTATION_COMMENTS = YES;
				CLANG_WARN_EMPTY_BODY = YES;
				CLANG_WARN_ENUM_CONVERSION = YES;
				CLANG_WARN_INFINITE_RECURSION = YES;
				CLANG_WARN_INT_CONVERSION = YES;
				CLANG_WARN_NON_LITERAL_NULL_CONVERSION = YES;
				CLANG_WARN_OBJC_IMPLICIT_RETAIN_SELF = YES;
				CLANG_WARN_OBJC_LITERAL_CONVERSION = YES;
				CLANG_WARN_OBJC_ROOT_CLASS = YES_ERROR;
				CLANG_WARN_RANGE_LOOP_ANALYSIS = YES;
				CLANG_WARN_STRICT_PROTOTYPES = YES;
				CLANG_WARN_SUSPICIOUS_MOVE = YES;
				CLANG_WARN_UNGUARDED_AVAILABILITY = YES_AGGRESSIVE;
				CLANG_WARN_UNREACHABLE_CODE = YES;
				CLANG_WARN__DUPLICATE_METHOD_MATCH = YES;
				CODE_SIGN_IDENTITY = "iPhone Developer";
				COPY_PHASE_STRIP = NO;
				DEBUG_INFORMATION_FORMAT = dwarf;
				ENABLE_STRICT_OBJC_MSGSEND = YES;
				ENABLE_TESTABILITY = YES;
				GCC_C_LANGUAGE_STANDARD = gnu11;
				GCC_DYNAMIC_NO_PIC = NO;
				GCC_NO_COMMON_BLOCKS = YES;
				GCC_OPTIMIZATION_LEVEL = 0;
				GCC_PREPROCESSOR_DEFINITIONS = (
					"DEBUG=1",
					"$(inherited)",
				);
				GCC_WARN_64_TO_32_BIT_CONVERSION = YES;
				GCC_WARN_ABOUT_RETURN_TYPE = YES_ERROR;
				GCC_WARN_UNDECLARED_SELECTOR = YES;
				GCC_WARN_UNINITIALIZED_AUTOS = YES_AGGRESSIVE;
				GCC_WARN_UNUSED_FUNCTION = YES;
				GCC_WARN_UNUSED_VARIABLE = YES;
				IPHONEOS_DEPLOYMENT_TARGET = 12.0;
				MTL_ENABLE_DEBUG_INFO = INCLUDE_SOURCE;
				MTL_FAST_MATH = YES;
				ONLY_ACTIVE_ARCH = YES;
				SDKROOT = iphoneos;
				SWIFT_ACTIVE_COMPILATION_CONDITIONS = DEBUG;
				SWIFT_OPTIMIZATION_LEVEL = "-Onone";
			};
			name = Debug;
		};
		F114AEA121A9FE2A00942A28 /* Release */ = {
			isa = XCBuildConfiguration;
			buildSettings = {
				ALWAYS_SEARCH_USER_PATHS = NO;
				CLANG_ANALYZER_NONNULL = YES;
				CLANG_ANALYZER_NUMBER_OBJECT_CONVERSION = YES_AGGRESSIVE;
				CLANG_CXX_LANGUAGE_STANDARD = "gnu++14";
				CLANG_CXX_LIBRARY = "libc++";
				CLANG_ENABLE_MODULES = YES;
				CLANG_ENABLE_OBJC_ARC = YES;
				CLANG_ENABLE_OBJC_WEAK = YES;
				CLANG_WARN_BLOCK_CAPTURE_AUTORELEASING = YES;
				CLANG_WARN_BOOL_CONVERSION = YES;
				CLANG_WARN_COMMA = YES;
				CLANG_WARN_CONSTANT_CONVERSION = YES;
				CLANG_WARN_DEPRECATED_OBJC_IMPLEMENTATIONS = YES;
				CLANG_WARN_DIRECT_OBJC_ISA_USAGE = YES_ERROR;
				CLANG_WARN_DOCUMENTATION_COMMENTS = YES;
				CLANG_WARN_EMPTY_BODY = YES;
				CLANG_WARN_ENUM_CONVERSION = YES;
				CLANG_WARN_INFINITE_RECURSION = YES;
				CLANG_WARN_INT_CONVERSION = YES;
				CLANG_WARN_NON_LITERAL_NULL_CONVERSION = YES;
				CLANG_WARN_OBJC_IMPLICIT_RETAIN_SELF = YES;
				CLANG_WARN_OBJC_LITERAL_CONVERSION = YES;
				CLANG_WARN_OBJC_ROOT_CLASS = YES_ERROR;
				CLANG_WARN_RANGE_LOOP_ANALYSIS = YES;
				CLANG_WARN_STRICT_PROTOTYPES = YES;
				CLANG_WARN_SUSPICIOUS_MOVE = YES;
				CLANG_WARN_UNGUARDED_AVAILABILITY = YES_AGGRESSIVE;
				CLANG_WARN_UNREACHABLE_CODE = YES;
				CLANG_WARN__DUPLICATE_METHOD_MATCH = YES;
				CODE_SIGN_IDENTITY = "iPhone Developer";
				COPY_PHASE_STRIP = NO;
				DEBUG_INFORMATION_FORMAT = "dwarf-with-dsym";
				ENABLE_NS_ASSERTIONS = NO;
				ENABLE_STRICT_OBJC_MSGSEND = YES;
				GCC_C_LANGUAGE_STANDARD = gnu11;
				GCC_NO_COMMON_BLOCKS = YES;
				GCC_WARN_64_TO_32_BIT_CONVERSION = YES;
				GCC_WARN_ABOUT_RETURN_TYPE = YES_ERROR;
				GCC_WARN_UNDECLARED_SELECTOR = YES;
				GCC_WARN_UNINITIALIZED_AUTOS = YES_AGGRESSIVE;
				GCC_WARN_UNUSED_FUNCTION = YES;
				GCC_WARN_UNUSED_VARIABLE = YES;
				IPHONEOS_DEPLOYMENT_TARGET = 12.0;
				MTL_ENABLE_DEBUG_INFO = NO;
				MTL_FAST_MATH = YES;
				SDKROOT = iphoneos;
				SWIFT_COMPILATION_MODE = wholemodule;
				SWIFT_OPTIMIZATION_LEVEL = "-O";
				VALIDATE_PRODUCT = YES;
			};
			name = Release;
		};
		F114AEA321A9FE2A00942A28 /* Debug */ = {
			isa = XCBuildConfiguration;
			buildSettings = {
				ALWAYS_EMBED_SWIFT_STANDARD_LIBRARIES = YES;
				ASSETCATALOG_COMPILER_APPICON_NAME = AppIcon;
				CODE_SIGN_STYLE = Automatic;
				INFOPLIST_FILE = ProgressIndicator/Info.plist;
				LD_RUNPATH_SEARCH_PATHS = (
					"$(inherited)",
					"@executable_path/Frameworks",
				);
				PRODUCT_BUNDLE_IDENTIFIER = io.github.futurelab.ProgressIndicator;
				PRODUCT_NAME = "$(TARGET_NAME)";
				SWIFT_VERSION = 4.2;
				TARGETED_DEVICE_FAMILY = "1,2";
			};
			name = Debug;
		};
		F114AEA421A9FE2A00942A28 /* Release */ = {
			isa = XCBuildConfiguration;
			buildSettings = {
				ALWAYS_EMBED_SWIFT_STANDARD_LIBRARIES = YES;
				ASSETCATALOG_COMPILER_APPICON_NAME = AppIcon;
				CODE_SIGN_STYLE = Automatic;
				INFOPLIST_FILE = ProgressIndicator/Info.plist;
				LD_RUNPATH_SEARCH_PATHS = (
					"$(inherited)",
					"@executable_path/Frameworks",
				);
				PRODUCT_BUNDLE_IDENTIFIER = io.github.futurelab.ProgressIndicator;
				PRODUCT_NAME = "$(TARGET_NAME)";
				SWIFT_VERSION = 4.2;
				TARGETED_DEVICE_FAMILY = "1,2";
			};
			name = Release;
		};
		F114AEB421A9FE4A00942A28 /* Debug */ = {
			isa = XCBuildConfiguration;
			buildSettings = {
				CLANG_ENABLE_MODULES = YES;
				CODE_SIGN_IDENTITY = "";
				CODE_SIGN_STYLE = Automatic;
				CURRENT_PROJECT_VERSION = 1;
				DEFINES_MODULE = YES;
				DYLIB_COMPATIBILITY_VERSION = 1;
				DYLIB_CURRENT_VERSION = 1;
				DYLIB_INSTALL_NAME_BASE = "@rpath";
				FRAMEWORK_SEARCH_PATHS = (
					"$(inherited)",
					"$(PROJECT_DIR)/Carthage/Build/iOS",
				);
				INFOPLIST_FILE = ProgressIndicatorLib/Info.plist;
				INSTALL_PATH = "$(LOCAL_LIBRARY_DIR)/Frameworks";
				LD_RUNPATH_SEARCH_PATHS = (
					"$(inherited)",
					"@executable_path/Frameworks",
					"@loader_path/Frameworks",
				);
				PRODUCT_BUNDLE_IDENTIFIER = io.github.futurelab.ProgressIndicatorLib;
				PRODUCT_NAME = "$(TARGET_NAME:c99extidentifier)";
				SKIP_INSTALL = YES;
				SWIFT_OPTIMIZATION_LEVEL = "-Onone";
				SWIFT_VERSION = 4.2;
				TARGETED_DEVICE_FAMILY = "1,2";
				VERSIONING_SYSTEM = "apple-generic";
				VERSION_INFO_PREFIX = "";
			};
			name = Debug;
		};
		F114AEB521A9FE4A00942A28 /* Release */ = {
			isa = XCBuildConfiguration;
			buildSettings = {
				CLANG_ENABLE_MODULES = YES;
				CODE_SIGN_IDENTITY = "";
				CODE_SIGN_STYLE = Automatic;
				CURRENT_PROJECT_VERSION = 1;
				DEFINES_MODULE = YES;
				DYLIB_COMPATIBILITY_VERSION = 1;
				DYLIB_CURRENT_VERSION = 1;
				DYLIB_INSTALL_NAME_BASE = "@rpath";
				FRAMEWORK_SEARCH_PATHS = (
					"$(inherited)",
					"$(PROJECT_DIR)/Carthage/Build/iOS",
				);
				INFOPLIST_FILE = ProgressIndicatorLib/Info.plist;
				INSTALL_PATH = "$(LOCAL_LIBRARY_DIR)/Frameworks";
				LD_RUNPATH_SEARCH_PATHS = (
					"$(inherited)",
					"@executable_path/Frameworks",
					"@loader_path/Frameworks",
				);
				PRODUCT_BUNDLE_IDENTIFIER = io.github.futurelab.ProgressIndicatorLib;
				PRODUCT_NAME = "$(TARGET_NAME:c99extidentifier)";
				SKIP_INSTALL = YES;
				SWIFT_VERSION = 4.2;
				TARGETED_DEVICE_FAMILY = "1,2";
				VERSIONING_SYSTEM = "apple-generic";
				VERSION_INFO_PREFIX = "";
			};
			name = Release;
		};
/* End XCBuildConfiguration section */

/* Begin XCConfigurationList section */
		F114AE8B21A9FE2500942A28 /* Build configuration list for PBXProject "ProgressIndicator" */ = {
			isa = XCConfigurationList;
			buildConfigurations = (
				F114AEA021A9FE2A00942A28 /* Debug */,
				F114AEA121A9FE2A00942A28 /* Release */,
			);
			defaultConfigurationIsVisible = 0;
			defaultConfigurationName = Release;
		};
		F114AEA221A9FE2A00942A28 /* Build configuration list for PBXNativeTarget "ProgressIndicator" */ = {
			isa = XCConfigurationList;
			buildConfigurations = (
				F114AEA321A9FE2A00942A28 /* Debug */,
				F114AEA421A9FE2A00942A28 /* Release */,
			);
			defaultConfigurationIsVisible = 0;
			defaultConfigurationName = Release;
		};
		F114AEB321A9FE4A00942A28 /* Build configuration list for PBXNativeTarget "ProgressIndicatorLib" */ = {
			isa = XCConfigurationList;
			buildConfigurations = (
				F114AEB421A9FE4A00942A28 /* Debug */,
				F114AEB521A9FE4A00942A28 /* Release */,
			);
			defaultConfigurationIsVisible = 0;
			defaultConfigurationName = Release;
		};
/* End XCConfigurationList section */
	};
	rootObject = F114AE8821A9FE2500942A28 /* Project object */;
}
